
Microsoft Visual Studio Solution File, Format Version 12.00
# Visual Studio Version 17
VisualStudioVersion = 17.13.35931.197
MinimumVisualStudioVersion = 10.0.40219.1
Project("{FAE04EC0-301F-11D3-BF4B-00C04F79EFBC}") = "Wemcy.RecipeApp.Backend", "src\Wemcy.RecipeApp.Backend\Wemcy.RecipeApp.Backend.csproj", "{358C83D7-CF5A-4002-9EDC-849185A93DFA}"
EndProject
Project("{FAE04EC0-301F-11D3-BF4B-00C04F79EFBC}") = "Wemcy.RecipeApp.Backend.Api", "src\Wemcy.RecipeApp.Backend.Api\Wemcy.RecipeApp.Backend.Api.csproj", "{B79E1A22-68FC-B8AE-2663-C476138C55A7}"
EndProject
Project("{2150E333-8FDC-42A3-9474-1A3956D46DE8}") = "Solution Items", "Solution Items", "{8EC462FD-D22E-90A8-E5CE-7E832BA40C5D}"
	ProjectSection(SolutionItems) = preProject
		..\..\docs\api\recipe_api.yaml = ..\..\docs\api\recipe_api.yaml
	EndProjectSection
EndProject
Global
	GlobalSection(SolutionConfigurationPlatforms) = preSolution
		Debug|Any CPU = Debug|Any CPU
		Release|Any CPU = Release|Any CPU
	EndGlobalSection
	GlobalSection(ProjectConfigurationPlatforms) = postSolution
		{358C83D7-CF5A-4002-9EDC-849185A93DFA}.Debug|Any CPU.ActiveCfg = Debug|Any CPU
		{358C83D7-CF5A-4002-9EDC-849185A93DFA}.Debug|Any CPU.Build.0 = Debug|Any CPU
		{358C83D7-CF5A-4002-9EDC-849185A93DFA}.Release|Any CPU.ActiveCfg = Release|Any CPU
		{358C83D7-CF5A-4002-9EDC-849185A93DFA}.Release|Any CPU.Build.0 = Release|Any CPU
		{B79E1A22-68FC-B8AE-2663-C476138C55A7}.Debug|Any CPU.ActiveCfg = Debug|Any CPU
		{B79E1A22-68FC-B8AE-2663-C476138C55A7}.Debug|Any CPU.Build.0 = Debug|Any CPU
		{B79E1A22-68FC-B8AE-2663-C476138C55A7}.Release|Any CPU.ActiveCfg = Release|Any CPU
		{B79E1A22-68FC-B8AE-2663-C476138C55A7}.Release|Any CPU.Build.0 = Release|Any CPU
	EndGlobalSection
	GlobalSection(SolutionProperties) = preSolution
		HideSolutionNode = FALSE
	EndGlobalSection
	GlobalSection(ExtensibilityGlobals) = postSolution
		SolutionGuid = {56496294-819D-4F37-AD16-E1A9FD306CCE}
	EndGlobalSection
EndGlobal
